
Microsoft Visual Studio Solution File, Format Version 12.00
# Visual Studio Version 16
VisualStudioVersion = 16.0.30225.117
MinimumVisualStudioVersion = 10.0.40219.1
Project("{9A19103F-16F7-4668-BE54-9A1E7A4F7556}") = "ExampleSolution.WebApp", "ExampleSolution\ExampleSolution.WebApp.csproj", "{CA487CF5-36C6-4EC6-B846-A7FCA9D2621A}"
EndProject
Project("{2150E333-8FDC-42A3-9474-1A3956D46DE8}") = "0. Solution Items", "0. Solution Items", "{998BEB5A-2EB0-4A30-93B6-2521BA95EFD9}"
	ProjectSection(SolutionItems) = preProject
		README.md = README.md
	EndProjectSection
EndProject
Project("{9A19103F-16F7-4668-BE54-9A1E7A4F7556}") = "exampleSolution_Data", "exampleSolution_Data\exampleSolution_Data.csproj", "{71521947-29F7-4854-BF0A-25CB58186A84}"
EndProject
Project("{9A19103F-16F7-4668-BE54-9A1E7A4F7556}") = "exampleSolution.Application", "exampleSolution.Application\exampleSolution.Application.csproj", "{75483D68-94B4-42DE-9F5A-C4995F6B295F}"
EndProject
Project("{9A19103F-16F7-4668-BE54-9A1E7A4F7556}") = "ShopSolution.Utilities", "ShopSolution.Utilities\ShopSolution.Utilities.csproj", "{9D66C805-6105-4817-8A48-18B63122823B}"
EndProject
Project("{9A19103F-16F7-4668-BE54-9A1E7A4F7556}") = "ShopSolutionBackendApi", "ShopSolutionBackendApi\ShopSolutionBackendApi.csproj", "{F807967E-BFB7-49A3-B8B7-349D994947AD}"
EndProject
Project("{9A19103F-16F7-4668-BE54-9A1E7A4F7556}") = "ShowSolution.ViewModels", "ShowSolution.ViewModels\ShowSolution.ViewModels.csproj", "{F442D453-E80F-48EB-81D8-51D12A0F6C6C}"
EndProject
Project("{2150E333-8FDC-42A3-9474-1A3956D46DE8}") = "1. Infrastructure", "1. Infrastructure", "{40CF9BF1-5850-4BDF-AE27-D228A01060A4}"
EndProject
Project("{2150E333-8FDC-42A3-9474-1A3956D46DE8}") = "2. Domain", "2. Domain", "{DD8B8066-0417-45E3-BA76-5184CB756B32}"
EndProject
Project("{2150E333-8FDC-42A3-9474-1A3956D46DE8}") = "3. Hosts", "3. Hosts", "{633CF788-8E18-4E9E-A1A2-F9632C780C96}"
EndProject
Global
	GlobalSection(SolutionConfigurationPlatforms) = preSolution
		Debug|Any CPU = Debug|Any CPU
		Release|Any CPU = Release|Any CPU
	EndGlobalSection
	GlobalSection(ProjectConfigurationPlatforms) = postSolution
		{CA487CF5-36C6-4EC6-B846-A7FCA9D2621A}.Debug|Any CPU.ActiveCfg = Debug|Any CPU
		{CA487CF5-36C6-4EC6-B846-A7FCA9D2621A}.Debug|Any CPU.Build.0 = Debug|Any CPU
		{CA487CF5-36C6-4EC6-B846-A7FCA9D2621A}.Release|Any CPU.ActiveCfg = Release|Any CPU
		{CA487CF5-36C6-4EC6-B846-A7FCA9D2621A}.Release|Any CPU.Build.0 = Release|Any CPU
		{71521947-29F7-4854-BF0A-25CB58186A84}.Debug|Any CPU.ActiveCfg = Debug|Any CPU
		{71521947-29F7-4854-BF0A-25CB58186A84}.Debug|Any CPU.Build.0 = Debug|Any CPU
		{71521947-29F7-4854-BF0A-25CB58186A84}.Release|Any CPU.ActiveCfg = Release|Any CPU
		{71521947-29F7-4854-BF0A-25CB58186A84}.Release|Any CPU.Build.0 = Release|Any CPU
		{75483D68-94B4-42DE-9F5A-C4995F6B295F}.Debug|Any CPU.ActiveCfg = Debug|Any CPU
		{75483D68-94B4-42DE-9F5A-C4995F6B295F}.Debug|Any CPU.Build.0 = Debug|Any CPU
		{75483D68-94B4-42DE-9F5A-C4995F6B295F}.Release|Any CPU.ActiveCfg = Release|Any CPU
		{75483D68-94B4-42DE-9F5A-C4995F6B295F}.Release|Any CPU.Build.0 = Release|Any CPU
		{9D66C805-6105-4817-8A48-18B63122823B}.Debug|Any CPU.ActiveCfg = Debug|Any CPU
		{9D66C805-6105-4817-8A48-18B63122823B}.Debug|Any CPU.Build.0 = Debug|Any CPU
		{9D66C805-6105-4817-8A48-18B63122823B}.Release|Any CPU.ActiveCfg = Release|Any CPU
		{9D66C805-6105-4817-8A48-18B63122823B}.Release|Any CPU.Build.0 = Release|Any CPU
		{F807967E-BFB7-49A3-B8B7-349D994947AD}.Debug|Any CPU.ActiveCfg = Debug|Any CPU
		{F807967E-BFB7-49A3-B8B7-349D994947AD}.Debug|Any CPU.Build.0 = Debug|Any CPU
		{F807967E-BFB7-49A3-B8B7-349D994947AD}.Release|Any CPU.ActiveCfg = Release|Any CPU
		{F807967E-BFB7-49A3-B8B7-349D994947AD}.Release|Any CPU.Build.0 = Release|Any CPU
		{F442D453-E80F-48EB-81D8-51D12A0F6C6C}.Debug|Any CPU.ActiveCfg = Debug|Any CPU
		{F442D453-E80F-48EB-81D8-51D12A0F6C6C}.Debug|Any CPU.Build.0 = Debug|Any CPU
		{F442D453-E80F-48EB-81D8-51D12A0F6C6C}.Release|Any CPU.ActiveCfg = Release|Any CPU
		{F442D453-E80F-48EB-81D8-51D12A0F6C6C}.Release|Any CPU.Build.0 = Release|Any CPU
	EndGlobalSection
	GlobalSection(SolutionProperties) = preSolution
		HideSolutionNode = FALSE
	EndGlobalSection
	GlobalSection(NestedProjects) = preSolution
		{CA487CF5-36C6-4EC6-B846-A7FCA9D2621A} = {633CF788-8E18-4E9E-A1A2-F9632C780C96}
		{71521947-29F7-4854-BF0A-25CB58186A84} = {DD8B8066-0417-45E3-BA76-5184CB756B32}
		{75483D68-94B4-42DE-9F5A-C4995F6B295F} = {DD8B8066-0417-45E3-BA76-5184CB756B32}
		{9D66C805-6105-4817-8A48-18B63122823B} = {40CF9BF1-5850-4BDF-AE27-D228A01060A4}
		{F807967E-BFB7-49A3-B8B7-349D994947AD} = {633CF788-8E18-4E9E-A1A2-F9632C780C96}
		{F442D453-E80F-48EB-81D8-51D12A0F6C6C} = {40CF9BF1-5850-4BDF-AE27-D228A01060A4}
	EndGlobalSection
	GlobalSection(ExtensibilityGlobals) = postSolution
		SolutionGuid = {97DDD5B5-4E22-4538-AA3F-C8FF5B433A1D}
	EndGlobalSection
EndGlobal
